
Microsoft Visual Studio Solution File, Format Version 12.00
# Visual Studio 15
VisualStudioVersion = 15.0.35213.121
MinimumVisualStudioVersion = 10.0.40219.1
Project("{FAE04EC0-301F-11D3-BF4B-00C04F79EFBC}") = "ArabaYarisi", "ArabaYarisi\ArabaYarisi.csproj", "{2EC159C8-9F8D-4796-ABB3-B4525D50BBD6}"
EndProject
Global
	GlobalSection(SolutionConfigurationPlatforms) = preSolution
		Debug|Any CPU = Debug|Any CPU
		Release|Any CPU = Release|Any CPU
	EndGlobalSection
	GlobalSection(ProjectConfigurationPlatforms) = postSolution
		{2EC159C8-9F8D-4796-ABB3-B4525D50BBD6}.Debug|Any CPU.ActiveCfg = Debug|Any CPU
		{2EC159C8-9F8D-4796-ABB3-B4525D50BBD6}.Debug|Any CPU.Build.0 = Debug|Any CPU
		{2EC159C8-9F8D-4796-ABB3-B4525D50BBD6}.Release|Any CPU.ActiveCfg = Release|Any CPU
		{2EC159C8-9F8D-4796-ABB3-B4525D50BBD6}.Release|Any CPU.Build.0 = Release|Any CPU
	EndGlobalSection
	GlobalSection(SolutionProperties) = preSolution
		HideSolutionNode = FALSE
	EndGlobalSection
	GlobalSection(ExtensibilityGlobals) = postSolution
		SolutionGuid = {EBB09935-4996-4864-97B0-879C65EB0F5A}
	EndGlobalSection
EndGlobal
